
Microsoft Visual Studio Solution File, Format Version 12.00
# Visual Studio Version 17
VisualStudioVersion = 17.0.31611.283
MinimumVisualStudioVersion = 10.0.40219.1
Project("{9A19103F-16F7-4668-BE54-9A1E7A4F7556}") = "SnakeClient", "SnakeClient\SnakeClient.csproj", "{7DA96372-0505-424C-98B4-A5A2E01D7E3E}"
EndProject
Project("{9A19103F-16F7-4668-BE54-9A1E7A4F7556}") = "Vector2D", "Vector2D\Vector2D.csproj", "{1E1AC518-A91F-4804-85B2-34B8B0B220C8}"
EndProject
Project("{9A19103F-16F7-4668-BE54-9A1E7A4F7556}") = "GameController", "GameController\GameController.csproj", "{4264110F-5A1A-425F-8CCA-DBA51231F7E2}"
EndProject
Project("{9A19103F-16F7-4668-BE54-9A1E7A4F7556}") = "World", "World\World.csproj", "{48747D62-1BFD-4D8B-8418-4FE041068CE1}"
EndProject
Project("{FAE04EC0-301F-11D3-BF4B-00C04F79EFBC}") = "Server", "Server\Server.csproj", "{CE6CCF28-C855-4D21-AF3E-67C3F54D9CD6}"
EndProject
Global
	GlobalSection(SolutionConfigurationPlatforms) = preSolution
		Debug|Any CPU = Debug|Any CPU
		Release|Any CPU = Release|Any CPU
	EndGlobalSection
	GlobalSection(ProjectConfigurationPlatforms) = postSolution
		{7DA96372-0505-424C-98B4-A5A2E01D7E3E}.Debug|Any CPU.ActiveCfg = Debug|Any CPU
		{7DA96372-0505-424C-98B4-A5A2E01D7E3E}.Debug|Any CPU.Build.0 = Debug|Any CPU
		{7DA96372-0505-424C-98B4-A5A2E01D7E3E}.Debug|Any CPU.Deploy.0 = Debug|Any CPU
		{7DA96372-0505-424C-98B4-A5A2E01D7E3E}.Release|Any CPU.ActiveCfg = Release|Any CPU
		{7DA96372-0505-424C-98B4-A5A2E01D7E3E}.Release|Any CPU.Build.0 = Release|Any CPU
		{7DA96372-0505-424C-98B4-A5A2E01D7E3E}.Release|Any CPU.Deploy.0 = Release|Any CPU
		{1E1AC518-A91F-4804-85B2-34B8B0B220C8}.Debug|Any CPU.ActiveCfg = Debug|Any CPU
		{1E1AC518-A91F-4804-85B2-34B8B0B220C8}.Debug|Any CPU.Build.0 = Debug|Any CPU
		{1E1AC518-A91F-4804-85B2-34B8B0B220C8}.Release|Any CPU.ActiveCfg = Release|Any CPU
		{1E1AC518-A91F-4804-85B2-34B8B0B220C8}.Release|Any CPU.Build.0 = Release|Any CPU
		{4264110F-5A1A-425F-8CCA-DBA51231F7E2}.Debug|Any CPU.ActiveCfg = Debug|Any CPU
		{4264110F-5A1A-425F-8CCA-DBA51231F7E2}.Debug|Any CPU.Build.0 = Debug|Any CPU
		{4264110F-5A1A-425F-8CCA-DBA51231F7E2}.Release|Any CPU.ActiveCfg = Release|Any CPU
		{4264110F-5A1A-425F-8CCA-DBA51231F7E2}.Release|Any CPU.Build.0 = Release|Any CPU
		{48747D62-1BFD-4D8B-8418-4FE041068CE1}.Debug|Any CPU.ActiveCfg = Debug|Any CPU
		{48747D62-1BFD-4D8B-8418-4FE041068CE1}.Debug|Any CPU.Build.0 = Debug|Any CPU
		{48747D62-1BFD-4D8B-8418-4FE041068CE1}.Release|Any CPU.ActiveCfg = Release|Any CPU
		{48747D62-1BFD-4D8B-8418-4FE041068CE1}.Release|Any CPU.Build.0 = Release|Any CPU
		{CE6CCF28-C855-4D21-AF3E-67C3F54D9CD6}.Debug|Any CPU.ActiveCfg = Debug|Any CPU
		{CE6CCF28-C855-4D21-AF3E-67C3F54D9CD6}.Debug|Any CPU.Build.0 = Debug|Any CPU
		{CE6CCF28-C855-4D21-AF3E-67C3F54D9CD6}.Release|Any CPU.ActiveCfg = Release|Any CPU
		{CE6CCF28-C855-4D21-AF3E-67C3F54D9CD6}.Release|Any CPU.Build.0 = Release|Any CPU
	EndGlobalSection
	GlobalSection(SolutionProperties) = preSolution
		HideSolutionNode = FALSE
	EndGlobalSection
	GlobalSection(ExtensibilityGlobals) = postSolution
		SolutionGuid = {61F7FB11-1E47-470C-91E2-47F8143E1572}
	EndGlobalSection
EndGlobal
